// !$*UTF8*$!
{
	archiveVersion = 1;
	classes = {
	};
	objectVersion = 48;
	objects = {

/* Begin PBXBuildFile section */
		853AD5101F00D6A2001D25B1 /* AppDelegate.swift in Sources */ = {isa = PBXBuildFile; fileRef = 853AD50F1F00D6A2001D25B1 /* AppDelegate.swift */; };
		853AD5121F00D6A2001D25B1 /* ViewController.swift in Sources */ = {isa = PBXBuildFile; fileRef = 853AD5111F00D6A2001D25B1 /* ViewController.swift */; };
		853AD5151F00D6A2001D25B1 /* Main.storyboard in Resources */ = {isa = PBXBuildFile; fileRef = 853AD5131F00D6A2001D25B1 /* Main.storyboard */; };
		853AD5171F00D6A2001D25B1 /* Assets.xcassets in Resources */ = {isa = PBXBuildFile; fileRef = 853AD5161F00D6A2001D25B1 /* Assets.xcassets */; };
		853AD51A1F00D6A2001D25B1 /* LaunchScreen.storyboard in Resources */ = {isa = PBXBuildFile; fileRef = 853AD5181F00D6A2001D25B1 /* LaunchScreen.storyboard */; };
		853AD5251F00D6A2001D25B1 /* GoogleFormsNetworkingTests.swift in Sources */ = {isa = PBXBuildFile; fileRef = 853AD5241F00D6A2001D25B1 /* GoogleFormsNetworkingTests.swift */; };
		853AD5301F00D6A2001D25B1 /* GoogleFormsNetworkingUITests.swift in Sources */ = {isa = PBXBuildFile; fileRef = 853AD52F1F00D6A2001D25B1 /* GoogleFormsNetworkingUITests.swift */; };
/* End PBXBuildFile section */

/* Begin PBXContainerItemProxy section */
		853AD5211F00D6A2001D25B1 /* PBXContainerItemProxy */ = {
			isa = PBXContainerItemProxy;
			containerPortal = 853AD5041F00D6A2001D25B1 /* Project object */;
			proxyType = 1;
			remoteGlobalIDString = 853AD50B1F00D6A2001D25B1;
			remoteInfo = GoogleFormsNetworking;
		};
		853AD52C1F00D6A2001D25B1 /* PBXContainerItemProxy */ = {
			isa = PBXContainerItemProxy;
			containerPortal = 853AD5041F00D6A2001D25B1 /* Project object */;
			proxyType = 1;
			remoteGlobalIDString = 853AD50B1F00D6A2001D25B1;
			remoteInfo = GoogleFormsNetworking;
		};
/* End PBXContainerItemProxy section */

/* Begin PBXFileReference section */
		853AD50C1F00D6A2001D25B1 /* GoogleFormsNetworking.app */ = {isa = PBXFileReference; explicitFileType = wrapper.application; includeInIndex = 0; path = GoogleFormsNetworking.app; sourceTree = BUILT_PRODUCTS_DIR; };
		853AD50F1F00D6A2001D25B1 /* AppDelegate.swift */ = {isa = PBXFileReference; lastKnownFileType = sourcecode.swift; path = AppDelegate.swift; sourceTree = "<group>"; };
		853AD5111F00D6A2001D25B1 /* ViewController.swift */ = {isa = PBXFileReference; lastKnownFileType = sourcecode.swift; path = ViewController.swift; sourceTree = "<group>"; };
		853AD5141F00D6A2001D25B1 /* Base */ = {isa = PBXFileReference; lastKnownFileType = file.storyboard; name = Base; path = Base.lproj/Main.storyboard; sourceTree = "<group>"; };
		853AD5161F00D6A2001D25B1 /* Assets.xcassets */ = {isa = PBXFileReference; lastKnownFileType = folder.assetcatalog; path = Assets.xcassets; sourceTree = "<group>"; };
		853AD5191F00D6A2001D25B1 /* Base */ = {isa = PBXFileReference; lastKnownFileType = file.storyboard; name = Base; path = Base.lproj/LaunchScreen.storyboard; sourceTree = "<group>"; };
		853AD51B1F00D6A2001D25B1 /* Info.plist */ = {isa = PBXFileReference; lastKnownFileType = text.plist.xml; path = Info.plist; sourceTree = "<group>"; };
		853AD5201F00D6A2001D25B1 /* GoogleFormsNetworkingTests.xctest */ = {isa = PBXFileReference; explicitFileType = wrapper.cfbundle; includeInIndex = 0; path = GoogleFormsNetworkingTests.xctest; sourceTree = BUILT_PRODUCTS_DIR; };
		853AD5241F00D6A2001D25B1 /* GoogleFormsNetworkingTests.swift */ = {isa = PBXFileReference; lastKnownFileType = sourcecode.swift; path = GoogleFormsNetworkingTests.swift; sourceTree = "<group>"; };
		853AD5261F00D6A2001D25B1 /* Info.plist */ = {isa = PBXFileReference; lastKnownFileType = text.plist.xml; path = Info.plist; sourceTree = "<group>"; };
		853AD52B1F00D6A2001D25B1 /* GoogleFormsNetworkingUITests.xctest */ = {isa = PBXFileReference; explicitFileType = wrapper.cfbundle; includeInIndex = 0; path = GoogleFormsNetworkingUITests.xctest; sourceTree = BUILT_PRODUCTS_DIR; };
		853AD52F1F00D6A2001D25B1 /* GoogleFormsNetworkingUITests.swift */ = {isa = PBXFileReference; lastKnownFileType = sourcecode.swift; path = GoogleFormsNetworkingUITests.swift; sourceTree = "<group>"; };
		853AD5311F00D6A2001D25B1 /* Info.plist */ = {isa = PBXFileReference; lastKnownFileType = text.plist.xml; path = Info.plist; sourceTree = "<group>"; };
/* End PBXFileReference section */

/* Begin PBXFrameworksBuildPhase section */
		853AD5091F00D6A2001D25B1 /* Frameworks */ = {
			isa = PBXFrameworksBuildPhase;
			buildActionMask = 2147483647;
			files = (
			);
			runOnlyForDeploymentPostprocessing = 0;
		};
		853AD51D1F00D6A2001D25B1 /* Frameworks */ = {
			isa = PBXFrameworksBuildPhase;
			buildActionMask = 2147483647;
			files = (
			);
			runOnlyForDeploymentPostprocessing = 0;
		};
		853AD5281F00D6A2001D25B1 /* Frameworks */ = {
			isa = PBXFrameworksBuildPhase;
			buildActionMask = 2147483647;
			files = (
			);
			runOnlyForDeploymentPostprocessing = 0;
		};
/* End PBXFrameworksBuildPhase section */

/* Begin PBXGroup section */
		853AD5031F00D6A2001D25B1 = {
			isa = PBXGroup;
			children = (
				853AD50E1F00D6A2001D25B1 /* GoogleFormsNetworking */,
				853AD5231F00D6A2001D25B1 /* GoogleFormsNetworkingTests */,
				853AD52E1F00D6A2001D25B1 /* GoogleFormsNetworkingUITests */,
				853AD50D1F00D6A2001D25B1 /* Products */,
			);
			sourceTree = "<group>";
		};
		853AD50D1F00D6A2001D25B1 /* Products */ = {
			isa = PBXGroup;
			children = (
				853AD50C1F00D6A2001D25B1 /* GoogleFormsNetworking.app */,
				853AD5201F00D6A2001D25B1 /* GoogleFormsNetworkingTests.xctest */,
				853AD52B1F00D6A2001D25B1 /* GoogleFormsNetworkingUITests.xctest */,
			);
			name = Products;
			sourceTree = "<group>";
		};
		853AD50E1F00D6A2001D25B1 /* GoogleFormsNetworking */ = {
			isa = PBXGroup;
			children = (
				853AD50F1F00D6A2001D25B1 /* AppDelegate.swift */,
				853AD5111F00D6A2001D25B1 /* ViewController.swift */,
				853AD5131F00D6A2001D25B1 /* Main.storyboard */,
				853AD5161F00D6A2001D25B1 /* Assets.xcassets */,
				853AD5181F00D6A2001D25B1 /* LaunchScreen.storyboard */,
				853AD51B1F00D6A2001D25B1 /* Info.plist */,
			);
			path = GoogleFormsNetworking;
			sourceTree = "<group>";
		};
		853AD5231F00D6A2001D25B1 /* GoogleFormsNetworkingTests */ = {
			isa = PBXGroup;
			children = (
				853AD5241F00D6A2001D25B1 /* GoogleFormsNetworkingTests.swift */,
				853AD5261F00D6A2001D25B1 /* Info.plist */,
			);
			path = GoogleFormsNetworkingTests;
			sourceTree = "<group>";
		};
		853AD52E1F00D6A2001D25B1 /* GoogleFormsNetworkingUITests */ = {
			isa = PBXGroup;
			children = (
				853AD52F1F00D6A2001D25B1 /* GoogleFormsNetworkingUITests.swift */,
				853AD5311F00D6A2001D25B1 /* Info.plist */,
			);
			path = GoogleFormsNetworkingUITests;
			sourceTree = "<group>";
		};
/* End PBXGroup section */

/* Begin PBXNativeTarget section */
		853AD50B1F00D6A2001D25B1 /* GoogleFormsNetworking */ = {
			isa = PBXNativeTarget;
			buildConfigurationList = 853AD5341F00D6A2001D25B1 /* Build configuration list for PBXNativeTarget "GoogleFormsNetworking" */;
			buildPhases = (
				853AD5081F00D6A2001D25B1 /* Sources */,
				853AD5091F00D6A2001D25B1 /* Frameworks */,
				853AD50A1F00D6A2001D25B1 /* Resources */,
			);
			buildRules = (
			);
			dependencies = (
			);
			name = GoogleFormsNetworking;
			productName = GoogleFormsNetworking;
			productReference = 853AD50C1F00D6A2001D25B1 /* GoogleFormsNetworking.app */;
			productType = "com.apple.product-type.application";
		};
		853AD51F1F00D6A2001D25B1 /* GoogleFormsNetworkingTests */ = {
			isa = PBXNativeTarget;
			buildConfigurationList = 853AD5371F00D6A2001D25B1 /* Build configuration list for PBXNativeTarget "GoogleFormsNetworkingTests" */;
			buildPhases = (
				853AD51C1F00D6A2001D25B1 /* Sources */,
				853AD51D1F00D6A2001D25B1 /* Frameworks */,
				853AD51E1F00D6A2001D25B1 /* Resources */,
			);
			buildRules = (
			);
			dependencies = (
				853AD5221F00D6A2001D25B1 /* PBXTargetDependency */,
			);
			name = GoogleFormsNetworkingTests;
			productName = GoogleFormsNetworkingTests;
			productReference = 853AD5201F00D6A2001D25B1 /* GoogleFormsNetworkingTests.xctest */;
			productType = "com.apple.product-type.bundle.unit-test";
		};
		853AD52A1F00D6A2001D25B1 /* GoogleFormsNetworkingUITests */ = {
			isa = PBXNativeTarget;
			buildConfigurationList = 853AD53A1F00D6A2001D25B1 /* Build configuration list for PBXNativeTarget "GoogleFormsNetworkingUITests" */;
			buildPhases = (
				853AD5271F00D6A2001D25B1 /* Sources */,
				853AD5281F00D6A2001D25B1 /* Frameworks */,
				853AD5291F00D6A2001D25B1 /* Resources */,
			);
			buildRules = (
			);
			dependencies = (
				853AD52D1F00D6A2001D25B1 /* PBXTargetDependency */,
			);
			name = GoogleFormsNetworkingUITests;
			productName = GoogleFormsNetworkingUITests;
			productReference = 853AD52B1F00D6A2001D25B1 /* GoogleFormsNetworkingUITests.xctest */;
			productType = "com.apple.product-type.bundle.ui-testing";
		};
/* End PBXNativeTarget section */

/* Begin PBXProject section */
		853AD5041F00D6A2001D25B1 /* Project object */ = {
			isa = PBXProject;
			attributes = {
				LastSwiftUpdateCheck = 0900;
				LastUpgradeCheck = 0900;
				ORGANIZATIONNAME = Zapotiltic23;
				TargetAttributes = {
					853AD50B1F00D6A2001D25B1 = {
						CreatedOnToolsVersion = 9.0;
					};
					853AD51F1F00D6A2001D25B1 = {
						CreatedOnToolsVersion = 9.0;
						TestTargetID = 853AD50B1F00D6A2001D25B1;
					};
					853AD52A1F00D6A2001D25B1 = {
						CreatedOnToolsVersion = 9.0;
						TestTargetID = 853AD50B1F00D6A2001D25B1;
					};
				};
			};
			buildConfigurationList = 853AD5071F00D6A2001D25B1 /* Build configuration list for PBXProject "GoogleFormsNetworking" */;
			compatibilityVersion = "Xcode 8.0";
			developmentRegion = en;
			hasScannedForEncodings = 0;
			knownRegions = (
				en,
				Base,
			);
			mainGroup = 853AD5031F00D6A2001D25B1;
			productRefGroup = 853AD50D1F00D6A2001D25B1 /* Products */;
			projectDirPath = "";
			projectRoot = "";
			targets = (
				853AD50B1F00D6A2001D25B1 /* GoogleFormsNetworking */,
				853AD51F1F00D6A2001D25B1 /* GoogleFormsNetworkingTests */,
				853AD52A1F00D6A2001D25B1 /* GoogleFormsNetworkingUITests */,
			);
		};
/* End PBXProject section */

/* Begin PBXResourcesBuildPhase section */
		853AD50A1F00D6A2001D25B1 /* Resources */ = {
			isa = PBXResourcesBuildPhase;
			buildActionMask = 2147483647;
			files = (
				853AD51A1F00D6A2001D25B1 /* LaunchScreen.storyboard in Resources */,
				853AD5171F00D6A2001D25B1 /* Assets.xcassets in Resources */,
				853AD5151F00D6A2001D25B1 /* Main.storyboard in Resources */,
			);
			runOnlyForDeploymentPostprocessing = 0;
		};
		853AD51E1F00D6A2001D25B1 /* Resources */ = {
			isa = PBXResourcesBuildPhase;
			buildActionMask = 2147483647;
			files = (
			);
			runOnlyForDeploymentPostprocessing = 0;
		};
		853AD5291F00D6A2001D25B1 /* Resources */ = {
			isa = PBXResourcesBuildPhase;
			buildActionMask = 2147483647;
			files = (
			);
			runOnlyForDeploymentPostprocessing = 0;
		};
/* End PBXResourcesBuildPhase section */

/* Begin PBXSourcesBuildPhase section */
		853AD5081F00D6A2001D25B1 /* Sources */ = {
			isa = PBXSourcesBuildPhase;
			buildActionMask = 2147483647;
			files = (
				853AD5121F00D6A2001D25B1 /* ViewController.swift in Sources */,
				853AD5101F00D6A2001D25B1 /* AppDelegate.swift in Sources */,
			);
			runOnlyForDeploymentPostprocessing = 0;
		};
		853AD51C1F00D6A2001D25B1 /* Sources */ = {
			isa = PBXSourcesBuildPhase;
			buildActionMask = 2147483647;
			files = (
				853AD5251F00D6A2001D25B1 /* GoogleFormsNetworkingTests.swift in Sources */,
			);
			runOnlyForDeploymentPostprocessing = 0;
		};
		853AD5271F00D6A2001D25B1 /* Sources */ = {
			isa = PBXSourcesBuildPhase;
			buildActionMask = 2147483647;
			files = (
				853AD5301F00D6A2001D25B1 /* GoogleFormsNetworkingUITests.swift in Sources */,
			);
			runOnlyForDeploymentPostprocessing = 0;
		};
/* End PBXSourcesBuildPhase section */

/* Begin PBXTargetDependency section */
		853AD5221F00D6A2001D25B1 /* PBXTargetDependency */ = {
			isa = PBXTargetDependency;
			target = 853AD50B1F00D6A2001D25B1 /* GoogleFormsNetworking */;
			targetProxy = 853AD5211F00D6A2001D25B1 /* PBXContainerItemProxy */;
		};
		853AD52D1F00D6A2001D25B1 /* PBXTargetDependency */ = {
			isa = PBXTargetDependency;
			target = 853AD50B1F00D6A2001D25B1 /* GoogleFormsNetworking */;
			targetProxy = 853AD52C1F00D6A2001D25B1 /* PBXContainerItemProxy */;
		};
/* End PBXTargetDependency section */

/* Begin PBXVariantGroup section */
		853AD5131F00D6A2001D25B1 /* Main.storyboard */ = {
			isa = PBXVariantGroup;
			children = (
				853AD5141F00D6A2001D25B1 /* Base */,
			);
			name = Main.storyboard;
			sourceTree = "<group>";
		};
		853AD5181F00D6A2001D25B1 /* LaunchScreen.storyboard */ = {
			isa = PBXVariantGroup;
			children = (
				853AD5191F00D6A2001D25B1 /* Base */,
			);
			name = LaunchScreen.storyboard;
			sourceTree = "<group>";
		};
/* End PBXVariantGroup section */

/* Begin XCBuildConfiguration section */
		853AD5321F00D6A2001D25B1 /* Debug */ = {
			isa = XCBuildConfiguration;
			buildSettings = {
				ALWAYS_SEARCH_USER_PATHS = NO;
				CLANG_ANALYZER_NONNULL = YES;
				CLANG_ANALYZER_NUMBER_OBJECT_CONVERSION = YES_AGGRESSIVE;
				CLANG_CXX_LANGUAGE_STANDARD = "gnu++14";
				CLANG_CXX_LIBRARY = "libc++";
				CLANG_ENABLE_MODULES = YES;
				CLANG_ENABLE_OBJC_ARC = YES;
				CLANG_WARN_BLOCK_CAPTURE_AUTORELEASING = YES;
				CLANG_WARN_BOOL_CONVERSION = YES;
				CLANG_WARN_COMMA = YES;
				CLANG_WARN_CONSTANT_CONVERSION = YES;
				CLANG_WARN_DIRECT_OBJC_ISA_USAGE = YES_ERROR;
				CLANG_WARN_DOCUMENTATION_COMMENTS = YES;
				CLANG_WARN_EMPTY_BODY = YES;
				CLANG_WARN_ENUM_CONVERSION = YES;
				CLANG_WARN_INFINITE_RECURSION = YES;
				CLANG_WARN_INT_CONVERSION = YES;
				CLANG_WARN_OBJC_ROOT_CLASS = YES_ERROR;
				CLANG_WARN_RANGE_LOOP_ANALYSIS = YES;
				CLANG_WARN_STRICT_PROTOTYPES = YES;
				CLANG_WARN_SUSPICIOUS_MOVE = YES;
				CLANG_WARN_UNGUARDED_AVAILABILITY = YES_AGGRESSIVE;
				CLANG_WARN_UNREACHABLE_CODE = YES;
				CLANG_WARN__DUPLICATE_METHOD_MATCH = YES;
				CODE_SIGN_IDENTITY = "iPhone Developer";
				COPY_PHASE_STRIP = NO;
				DEBUG_INFORMATION_FORMAT = dwarf;
				ENABLE_STRICT_OBJC_MSGSEND = YES;
				ENABLE_TESTABILITY = YES;
				GCC_C_LANGUAGE_STANDARD = gnu11;
				GCC_DYNAMIC_NO_PIC = NO;
				GCC_NO_COMMON_BLOCKS = YES;
				GCC_OPTIMIZATION_LEVEL = 0;
				GCC_PREPROCESSOR_DEFINITIONS = (
					"DEBUG=1",
					"$(inherited)",
				);
				GCC_WARN_64_TO_32_BIT_CONVERSION = YES;
				GCC_WARN_ABOUT_RETURN_TYPE = YES_ERROR;
				GCC_WARN_UNDECLARED_SELECTOR = YES;
				GCC_WARN_UNINITIALIZED_AUTOS = YES_AGGRESSIVE;
				GCC_WARN_UNUSED_FUNCTION = YES;
				GCC_WARN_UNUSED_VARIABLE = YES;
				IPHONEOS_DEPLOYMENT_TARGET = 11.0;
				MTL_ENABLE_DEBUG_INFO = YES;
				ONLY_ACTIVE_ARCH = YES;
				SDKROOT = iphoneos;
				SWIFT_ACTIVE_COMPILATION_CONDITIONS = DEBUG;
				SWIFT_OPTIMIZATION_LEVEL = "-Onone";
			};
			name = Debug;
		};
		853AD5331F00D6A2001D25B1 /* Release */ = {
			isa = XCBuildConfiguration;
			buildSettings = {
				ALWAYS_SEARCH_USER_PATHS = NO;
				CLANG_ANALYZER_NONNULL = YES;
				CLANG_ANALYZER_NUMBER_OBJECT_CONVERSION = YES_AGGRESSIVE;
				CLANG_CXX_LANGUAGE_STANDARD = "gnu++14";
				CLANG_CXX_LIBRARY = "libc++";
				CLANG_ENABLE_MODULES = YES;
				CLANG_ENABLE_OBJC_ARC = YES;
				CLANG_WARN_BLOCK_CAPTURE_AUTORELEASING = YES;
				CLANG_WARN_BOOL_CONVERSION = YES;
				CLANG_WARN_COMMA = YES;
				CLANG_WARN_CONSTANT_CONVERSION = YES;
				CLANG_WARN_DIRECT_OBJC_ISA_USAGE = YES_ERROR;
				CLANG_WARN_DOCUMENTATION_COMMENTS = YES;
				CLANG_WARN_EMPTY_BODY = YES;
				CLANG_WARN_ENUM_CONVERSION = YES;
				CLANG_WARN_INFINITE_RECURSION = YES;
				CLANG_WARN_INT_CONVERSION = YES;
				CLANG_WARN_OBJC_ROOT_CLASS = YES_ERROR;
				CLANG_WARN_RANGE_LOOP_ANALYSIS = YES;
				CLANG_WARN_STRICT_PROTOTYPES = YES;
				CLANG_WARN_SUSPICIOUS_MOVE = YES;
				CLANG_WARN_UNGUARDED_AVAILABILITY = YES_AGGRESSIVE;
				CLANG_WARN_UNREACHABLE_CODE = YES;
				CLANG_WARN__DUPLICATE_METHOD_MATCH = YES;
				CODE_SIGN_IDENTITY = "iPhone Developer";
				COPY_PHASE_STRIP = NO;
				DEBUG_INFORMATION_FORMAT = "dwarf-with-dsym";
				ENABLE_NS_ASSERTIONS = NO;
				ENABLE_STRICT_OBJC_MSGSEND = YES;
				GCC_C_LANGUAGE_STANDARD = gnu11;
				GCC_NO_COMMON_BLOCKS = YES;
				GCC_WARN_64_TO_32_BIT_CONVERSION = YES;
				GCC_WARN_ABOUT_RETURN_TYPE = YES_ERROR;
				GCC_WARN_UNDECLARED_SELECTOR = YES;
				GCC_WARN_UNINITIALIZED_AUTOS = YES_AGGRESSIVE;
				GCC_WARN_UNUSED_FUNCTION = YES;
				GCC_WARN_UNUSED_VARIABLE = YES;
				IPHONEOS_DEPLOYMENT_TARGET = 11.0;
				MTL_ENABLE_DEBUG_INFO = NO;
				SDKROOT = iphoneos;
				SWIFT_OPTIMIZATION_LEVEL = "-Owholemodule";
				VALIDATE_PRODUCT = YES;
			};
			name = Release;
		};
		853AD5351F00D6A2001D25B1 /* Debug */ = {
			isa = XCBuildConfiguration;
			buildSettings = {
				ASSETCATALOG_COMPILER_APPICON_NAME = AppIcon;
				INFOPLIST_FILE = GoogleFormsNetworking/Info.plist;
				LD_RUNPATH_SEARCH_PATHS = "$(inherited) @executable_path/Frameworks";
				PRODUCT_BUNDLE_IDENTIFIER = Zapotiltic23.GoogleFormsNetworking;
				PRODUCT_NAME = "$(TARGET_NAME)";
				SWIFT_VERSION = 4.0;
				TARGETED_DEVICE_FAMILY = "1,2";
			};
			name = Debug;
		};
		853AD5361F00D6A2001D25B1 /* Release */ = {
			isa = XCBuildConfiguration;
			buildSettings = {
				ASSETCATALOG_COMPILER_APPICON_NAME = AppIcon;
				INFOPLIST_FILE = GoogleFormsNetworking/Info.plist;
				LD_RUNPATH_SEARCH_PATHS = "$(inherited) @executable_path/Frameworks";
				PRODUCT_BUNDLE_IDENTIFIER = Zapotiltic23.GoogleFormsNetworking;
				PRODUCT_NAME = "$(TARGET_NAME)";
				SWIFT_VERSION = 4.0;
				TARGETED_DEVICE_FAMILY = "1,2";
			};
			name = Release;
		};
		853AD5381F00D6A2001D25B1 /* Debug */ = {
			isa = XCBuildConfiguration;
			buildSettings = {
				ALWAYS_EMBED_SWIFT_STANDARD_LIBRARIES = YES;
				BUNDLE_LOADER = "$(TEST_HOST)";
				INFOPLIST_FILE = GoogleFormsNetworkingTests/Info.plist;
				LD_RUNPATH_SEARCH_PATHS = "$(inherited) @executable_path/Frameworks @loader_path/Frameworks";
				PRODUCT_BUNDLE_IDENTIFIER = Zapotiltic23.GoogleFormsNetworkingTests;
				PRODUCT_NAME = "$(TARGET_NAME)";
				SWIFT_VERSION = 4.0;
				TARGETED_DEVICE_FAMILY = "1,2";
				TEST_HOST = "$(BUILT_PRODUCTS_DIR)/GoogleFormsNetworking.app/GoogleFormsNetworking";
			};
			name = Debug;
		};
		853AD5391F00D6A2001D25B1 /* Release */ = {
			isa = XCBuildConfiguration;
			buildSettings = {
				ALWAYS_EMBED_SWIFT_STANDARD_LIBRARIES = YES;
				BUNDLE_LOADER = "$(TEST_HOST)";
				INFOPLIST_FILE = GoogleFormsNetworkingTests/Info.plist;
				LD_RUNPATH_SEARCH_PATHS = "$(inherited) @executable_path/Frameworks @loader_path/Frameworks";
				PRODUCT_BUNDLE_IDENTIFIER = Zapotiltic23.GoogleFormsNetworkingTests;
				PRODUCT_NAME = "$(TARGET_NAME)";
				SWIFT_VERSION = 4.0;
				TARGETED_DEVICE_FAMILY = "1,2";
				TEST_HOST = "$(BUILT_PRODUCTS_DIR)/GoogleFormsNetworking.app/GoogleFormsNetworking";
			};
			name = Release;
		};
		853AD53B1F00D6A2001D25B1 /* Debug */ = {
			isa = XCBuildConfiguration;
			buildSettings = {
				ALWAYS_EMBED_SWIFT_STANDARD_LIBRARIES = YES;
				INFOPLIST_FILE = GoogleFormsNetworkingUITests/Info.plist;
				LD_RUNPATH_SEARCH_PATHS = "$(inherited) @executable_path/Frameworks @loader_path/Frameworks";
				PRODUCT_BUNDLE_IDENTIFIER = Zapotiltic23.GoogleFormsNetworkingUITests;
				PRODUCT_NAME = "$(TARGET_NAME)";
				SWIFT_VERSION = 4.0;
				TARGETED_DEVICE_FAMILY = "1,2";
				TEST_TARGET_NAME = GoogleFormsNetworking;
			};
			name = Debug;
		};
		853AD53C1F00D6A2001D25B1 /* Release */ = {
			isa = XCBuildConfiguration;
			buildSettings = {
				ALWAYS_EMBED_SWIFT_STANDARD_LIBRARIES = YES;
				INFOPLIST_FILE = GoogleFormsNetworkingUITests/Info.plist;
				LD_RUNPATH_SEARCH_PATHS = "$(inherited) @executable_path/Frameworks @loader_path/Frameworks";
				PRODUCT_BUNDLE_IDENTIFIER = Zapotiltic23.GoogleFormsNetworkingUITests;
				PRODUCT_NAME = "$(TARGET_NAME)";
				SWIFT_VERSION = 4.0;
				TARGETED_DEVICE_FAMILY = "1,2";
				TEST_TARGET_NAME = GoogleFormsNetworking;
			};
			name = Release;
		};
/* End XCBuildConfiguration section */

/* Begin XCConfigurationList section */
		853AD5071F00D6A2001D25B1 /* Build configuration list for PBXProject "GoogleFormsNetworking" */ = {
			isa = XCConfigurationList;
			buildConfigurations = (
				853AD5321F00D6A2001D25B1 /* Debug */,
				853AD5331F00D6A2001D25B1 /* Release */,
			);
			defaultConfigurationIsVisible = 0;
			defaultConfigurationName = Release;
		};
		853AD5341F00D6A2001D25B1 /* Build configuration list for PBXNativeTarget "GoogleFormsNetworking" */ = {
			isa = XCConfigurationList;
			buildConfigurations = (
				853AD5351F00D6A2001D25B1 /* Debug */,
				853AD5361F00D6A2001D25B1 /* Release */,
			);
			defaultConfigurationIsVisible = 0;
		};
		853AD5371F00D6A2001D25B1 /* Build configuration list for PBXNativeTarget "GoogleFormsNetworkingTests" */ = {
			isa = XCConfigurationList;
			buildConfigurations = (
				853AD5381F00D6A2001D25B1 /* Debug */,
				853AD5391F00D6A2001D25B1 /* Release */,
			);
			defaultConfigurationIsVisible = 0;
		};
		853AD53A1F00D6A2001D25B1 /* Build configuration list for PBXNativeTarget "GoogleFormsNetworkingUITests" */ = {
			isa = XCConfigurationList;
			buildConfigurations = (
				853AD53B1F00D6A2001D25B1 /* Debug */,
				853AD53C1F00D6A2001D25B1 /* Release */,
			);
			defaultConfigurationIsVisible = 0;
		};
/* End XCConfigurationList section */
	};
	rootObject = 853AD5041F00D6A2001D25B1 /* Project object */;
}
